// !$*UTF8*$!
{
	archiveVersion = 1;
	classes = {
	};
	objectVersion = 46;
	objects = {

/* Begin PBXBuildFile section */
		5F5CE8BF1B743B7200B7539F /* Images.xcassets in Resources */ = {isa = PBXBuildFile; fileRef = 5F5CE8BE1B743B7200B7539F /* Images.xcassets */; };
		5F7452651B55AE6A0045CBF8 /* AppDelegate.swift in Sources */ = {isa = PBXBuildFile; fileRef = 5F7452641B55AE6A0045CBF8 /* AppDelegate.swift */; };
		5F7452671B55AE6A0045CBF8 /* ViewController.swift in Sources */ = {isa = PBXBuildFile; fileRef = 5F7452661B55AE6A0045CBF8 /* ViewController.swift */; };
		5F74526A1B55AE6A0045CBF8 /* Main.storyboard in Resources */ = {isa = PBXBuildFile; fileRef = 5F7452681B55AE6A0045CBF8 /* Main.storyboard */; };
		5F74526C1B55AE6A0045CBF8 /* Images.xcassets in Resources */ = {isa = PBXBuildFile; fileRef = 5F74526B1B55AE6A0045CBF8 /* Images.xcassets */; };
		5F74526F1B55AE6A0045CBF8 /* LaunchScreen.xib in Resources */ = {isa = PBXBuildFile; fileRef = 5F74526D1B55AE6A0045CBF8 /* LaunchScreen.xib */; };
		5F74527B1B55AE6A0045CBF8 /* ContainingAppForBard_3Tests.swift in Sources */ = {isa = PBXBuildFile; fileRef = 5F74527A1B55AE6A0045CBF8 /* ContainingAppForBard_3Tests.swift */; };
		5F74528D1B55AE800045CBF8 /* KeyboardViewController.swift in Sources */ = {isa = PBXBuildFile; fileRef = 5F74528C1B55AE800045CBF8 /* KeyboardViewController.swift */; };
		5F7452901B55AE800045CBF8 /* Bard.appex in Embed App Extensions */ = {isa = PBXBuildFile; fileRef = 5F7452881B55AE800045CBF8 /* Bard.appex */; settings = {ATTRIBUTES = (RemoveHeadersOnCopy, ); }; };
		C45B176C1D499FCE0024C935 /* Draw2D.swift in Sources */ = {isa = PBXBuildFile; fileRef = C45B176B1D499FCE0024C935 /* Draw2D.swift */; };
		C45B176D1D4EC49D0024C935 /* View.xib in Resources */ = {isa = PBXBuildFile; fileRef = 5FE21F2D1B700FCA00B87FBC /* View.xib */; };
		C47A18FF1D494BE500032D47 /* Images.xcassets in Resources */ = {isa = PBXBuildFile; fileRef = 5F74526B1B55AE6A0045CBF8 /* Images.xcassets */; };
		C47A19001D494BF700032D47 /* Images.xcassets in Resources */ = {isa = PBXBuildFile; fileRef = 5F5CE8BE1B743B7200B7539F /* Images.xcassets */; };
		C47E47741D44FFD900A90006 /* TextKeyboardView.swift in Sources */ = {isa = PBXBuildFile; fileRef = C47E47731D44FFD900A90006 /* TextKeyboardView.swift */; };
/* End PBXBuildFile section */

/* Begin PBXContainerItemProxy section */
		5F7452751B55AE6A0045CBF8 /* PBXContainerItemProxy */ = {
			isa = PBXContainerItemProxy;
			containerPortal = 5F7452571B55AE6A0045CBF8 /* Project object */;
			proxyType = 1;
			remoteGlobalIDString = 5F74525E1B55AE6A0045CBF8;
			remoteInfo = "ContainingAppForBard-3";
		};
		5F74528E1B55AE800045CBF8 /* PBXContainerItemProxy */ = {
			isa = PBXContainerItemProxy;
			containerPortal = 5F7452571B55AE6A0045CBF8 /* Project object */;
			proxyType = 1;
			remoteGlobalIDString = 5F7452871B55AE800045CBF8;
			remoteInfo = Bard;
		};
/* End PBXContainerItemProxy section */

/* Begin PBXCopyFilesBuildPhase section */
		5F7452941B55AE800045CBF8 /* Embed App Extensions */ = {
			isa = PBXCopyFilesBuildPhase;
			buildActionMask = 2147483647;
			dstPath = "";
			dstSubfolderSpec = 13;
			files = (
				5F7452901B55AE800045CBF8 /* Bard.appex in Embed App Extensions */,
			);
			name = "Embed App Extensions";
			runOnlyForDeploymentPostprocessing = 0;
		};
/* End PBXCopyFilesBuildPhase section */

/* Begin PBXFileReference section */
		5F5CE8BE1B743B7200B7539F /* Images.xcassets */ = {isa = PBXFileReference; lastKnownFileType = folder.assetcatalog; path = Images.xcassets; sourceTree = "<group>"; };
		5F74525F1B55AE6A0045CBF8 /* ContainingAppForBard-3.app */ = {isa = PBXFileReference; explicitFileType = wrapper.application; includeInIndex = 0; path = "ContainingAppForBard-3.app"; sourceTree = BUILT_PRODUCTS_DIR; };
		5F7452631B55AE6A0045CBF8 /* Info.plist */ = {isa = PBXFileReference; lastKnownFileType = text.plist.xml; path = Info.plist; sourceTree = "<group>"; };
		5F7452641B55AE6A0045CBF8 /* AppDelegate.swift */ = {isa = PBXFileReference; lastKnownFileType = sourcecode.swift; path = AppDelegate.swift; sourceTree = "<group>"; };
		5F7452661B55AE6A0045CBF8 /* ViewController.swift */ = {isa = PBXFileReference; lastKnownFileType = sourcecode.swift; path = ViewController.swift; sourceTree = "<group>"; };
		5F7452691B55AE6A0045CBF8 /* Base */ = {isa = PBXFileReference; lastKnownFileType = file.storyboard; name = Base; path = Base.lproj/Main.storyboard; sourceTree = "<group>"; };
		5F74526B1B55AE6A0045CBF8 /* Images.xcassets */ = {isa = PBXFileReference; lastKnownFileType = folder.assetcatalog; path = Images.xcassets; sourceTree = "<group>"; };
		5F74526E1B55AE6A0045CBF8 /* Base */ = {isa = PBXFileReference; lastKnownFileType = file.xib; name = Base; path = Base.lproj/LaunchScreen.xib; sourceTree = "<group>"; };
		5F7452741B55AE6A0045CBF8 /* ContainingAppForBard-3Tests.xctest */ = {isa = PBXFileReference; explicitFileType = wrapper.cfbundle; includeInIndex = 0; path = "ContainingAppForBard-3Tests.xctest"; sourceTree = BUILT_PRODUCTS_DIR; };
		5F7452791B55AE6A0045CBF8 /* Info.plist */ = {isa = PBXFileReference; lastKnownFileType = text.plist.xml; path = Info.plist; sourceTree = "<group>"; };
		5F74527A1B55AE6A0045CBF8 /* ContainingAppForBard_3Tests.swift */ = {isa = PBXFileReference; lastKnownFileType = sourcecode.swift; path = ContainingAppForBard_3Tests.swift; sourceTree = "<group>"; };
		5F7452881B55AE800045CBF8 /* Bard.appex */ = {isa = PBXFileReference; explicitFileType = "wrapper.app-extension"; includeInIndex = 0; path = Bard.appex; sourceTree = BUILT_PRODUCTS_DIR; };
		5F74528B1B55AE800045CBF8 /* Info.plist */ = {isa = PBXFileReference; lastKnownFileType = text.plist.xml; path = Info.plist; sourceTree = "<group>"; };
		5F74528C1B55AE800045CBF8 /* KeyboardViewController.swift */ = {isa = PBXFileReference; lastKnownFileType = sourcecode.swift; path = KeyboardViewController.swift; sourceTree = "<group>"; };
		5F7BFAC21B5AC6A400E2707A /* ContainingAppForBard-3.entitlements */ = {isa = PBXFileReference; lastKnownFileType = text.xml; path = "ContainingAppForBard-3.entitlements"; sourceTree = "<group>"; };
		5F7BFAC31B5AC6C200E2707A /* Bard.entitlements */ = {isa = PBXFileReference; lastKnownFileType = text.xml; path = Bard.entitlements; sourceTree = "<group>"; };
		5FE21F2D1B700FCA00B87FBC /* View.xib */ = {isa = PBXFileReference; fileEncoding = 4; lastKnownFileType = file.xib; path = View.xib; sourceTree = "<group>"; };
		C45B176B1D499FCE0024C935 /* Draw2D.swift */ = {isa = PBXFileReference; fileEncoding = 4; lastKnownFileType = sourcecode.swift; path = Draw2D.swift; sourceTree = "<group>"; };
		C47E47731D44FFD900A90006 /* TextKeyboardView.swift */ = {isa = PBXFileReference; fileEncoding = 4; lastKnownFileType = sourcecode.swift; path = TextKeyboardView.swift; sourceTree = "<group>"; };
/* End PBXFileReference section */

/* Begin PBXFrameworksBuildPhase section */
		5F74525C1B55AE6A0045CBF8 /* Frameworks */ = {
			isa = PBXFrameworksBuildPhase;
			buildActionMask = 2147483647;
			files = (
			);
			runOnlyForDeploymentPostprocessing = 0;
		};
		5F7452711B55AE6A0045CBF8 /* Frameworks */ = {
			isa = PBXFrameworksBuildPhase;
			buildActionMask = 2147483647;
			files = (
			);
			runOnlyForDeploymentPostprocessing = 0;
		};
		5F7452851B55AE800045CBF8 /* Frameworks */ = {
			isa = PBXFrameworksBuildPhase;
			buildActionMask = 2147483647;
			files = (
			);
			runOnlyForDeploymentPostprocessing = 0;
		};
/* End PBXFrameworksBuildPhase section */

/* Begin PBXGroup section */
		5F7452561B55AE6A0045CBF8 = {
			isa = PBXGroup;
			children = (
				5F7452611B55AE6A0045CBF8 /* ContainingAppForBard-3 */,
				5F7452771B55AE6A0045CBF8 /* ContainingAppForBard-3Tests */,
				5F7452891B55AE800045CBF8 /* Bard */,
				5F7452601B55AE6A0045CBF8 /* Products */,
			);
			sourceTree = "<group>";
		};
		5F7452601B55AE6A0045CBF8 /* Products */ = {
			isa = PBXGroup;
			children = (
				5F74525F1B55AE6A0045CBF8 /* ContainingAppForBard-3.app */,
				5F7452741B55AE6A0045CBF8 /* ContainingAppForBard-3Tests.xctest */,
				5F7452881B55AE800045CBF8 /* Bard.appex */,
			);
			name = Products;
			sourceTree = "<group>";
		};
		5F7452611B55AE6A0045CBF8 /* ContainingAppForBard-3 */ = {
			isa = PBXGroup;
			children = (
				5F7BFAC21B5AC6A400E2707A /* ContainingAppForBard-3.entitlements */,
				5F7452641B55AE6A0045CBF8 /* AppDelegate.swift */,
				5F7452661B55AE6A0045CBF8 /* ViewController.swift */,
				5F7452681B55AE6A0045CBF8 /* Main.storyboard */,
				5F74526B1B55AE6A0045CBF8 /* Images.xcassets */,
				5F74526D1B55AE6A0045CBF8 /* LaunchScreen.xib */,
				5F7452621B55AE6A0045CBF8 /* Supporting Files */,
			);
			path = "ContainingAppForBard-3";
			sourceTree = "<group>";
		};
		5F7452621B55AE6A0045CBF8 /* Supporting Files */ = {
			isa = PBXGroup;
			children = (
				5F7452631B55AE6A0045CBF8 /* Info.plist */,
			);
			name = "Supporting Files";
			sourceTree = "<group>";
		};
		5F7452771B55AE6A0045CBF8 /* ContainingAppForBard-3Tests */ = {
			isa = PBXGroup;
			children = (
				5F74527A1B55AE6A0045CBF8 /* ContainingAppForBard_3Tests.swift */,
				5F7452781B55AE6A0045CBF8 /* Supporting Files */,
			);
			path = "ContainingAppForBard-3Tests";
			sourceTree = "<group>";
		};
		5F7452781B55AE6A0045CBF8 /* Supporting Files */ = {
			isa = PBXGroup;
			children = (
				5F7452791B55AE6A0045CBF8 /* Info.plist */,
			);
			name = "Supporting Files";
			sourceTree = "<group>";
		};
		5F7452891B55AE800045CBF8 /* Bard */ = {
			isa = PBXGroup;
			children = (
				5F7BFAC31B5AC6C200E2707A /* Bard.entitlements */,
				5F74528C1B55AE800045CBF8 /* KeyboardViewController.swift */,
				C45B176B1D499FCE0024C935 /* Draw2D.swift */,
				C47E47731D44FFD900A90006 /* TextKeyboardView.swift */,
				5FE21F2D1B700FCA00B87FBC /* View.xib */,
				5F5CE8BE1B743B7200B7539F /* Images.xcassets */,
				5F74528A1B55AE800045CBF8 /* Supporting Files */,
			);
			path = Bard;
			sourceTree = "<group>";
		};
		5F74528A1B55AE800045CBF8 /* Supporting Files */ = {
			isa = PBXGroup;
			children = (
				5F74528B1B55AE800045CBF8 /* Info.plist */,
			);
			name = "Supporting Files";
			sourceTree = "<group>";
		};
/* End PBXGroup section */

/* Begin PBXNativeTarget section */
		5F74525E1B55AE6A0045CBF8 /* ContainingAppForBard-3 */ = {
			isa = PBXNativeTarget;
			buildConfigurationList = 5F74527E1B55AE6A0045CBF8 /* Build configuration list for PBXNativeTarget "ContainingAppForBard-3" */;
			buildPhases = (
				5F74525B1B55AE6A0045CBF8 /* Sources */,
				5F74525C1B55AE6A0045CBF8 /* Frameworks */,
				5F74525D1B55AE6A0045CBF8 /* Resources */,
				5F7452941B55AE800045CBF8 /* Embed App Extensions */,
			);
			buildRules = (
			);
			dependencies = (
				5F74528F1B55AE800045CBF8 /* PBXTargetDependency */,
			);
			name = "ContainingAppForBard-3";
			productName = "ContainingAppForBard-3";
			productReference = 5F74525F1B55AE6A0045CBF8 /* ContainingAppForBard-3.app */;
			productType = "com.apple.product-type.application";
		};
		5F7452731B55AE6A0045CBF8 /* ContainingAppForBard-3Tests */ = {
			isa = PBXNativeTarget;
			buildConfigurationList = 5F7452811B55AE6A0045CBF8 /* Build configuration list for PBXNativeTarget "ContainingAppForBard-3Tests" */;
			buildPhases = (
				5F7452701B55AE6A0045CBF8 /* Sources */,
				5F7452711B55AE6A0045CBF8 /* Frameworks */,
				5F7452721B55AE6A0045CBF8 /* Resources */,
			);
			buildRules = (
			);
			dependencies = (
				5F7452761B55AE6A0045CBF8 /* PBXTargetDependency */,
			);
			name = "ContainingAppForBard-3Tests";
			productName = "ContainingAppForBard-3Tests";
			productReference = 5F7452741B55AE6A0045CBF8 /* ContainingAppForBard-3Tests.xctest */;
			productType = "com.apple.product-type.bundle.unit-test";
		};
		5F7452871B55AE800045CBF8 /* Bard */ = {
			isa = PBXNativeTarget;
			buildConfigurationList = 5F7452911B55AE800045CBF8 /* Build configuration list for PBXNativeTarget "Bard" */;
			buildPhases = (
				5F7452841B55AE800045CBF8 /* Sources */,
				5F7452851B55AE800045CBF8 /* Frameworks */,
				5F7452861B55AE800045CBF8 /* Resources */,
			);
			buildRules = (
			);
			dependencies = (
			);
			name = Bard;
			productName = Bard;
			productReference = 5F7452881B55AE800045CBF8 /* Bard.appex */;
			productType = "com.apple.product-type.app-extension";
		};
/* End PBXNativeTarget section */

/* Begin PBXProject section */
		5F7452571B55AE6A0045CBF8 /* Project object */ = {
			isa = PBXProject;
			attributes = {
				LastSwiftMigration = 0720;
				LastSwiftUpdateCheck = 0720;
				LastUpgradeCheck = 0720;
				ORGANIZATIONNAME = "Vibin Kundukulam";
				TargetAttributes = {
					5F74525E1B55AE6A0045CBF8 = {
						CreatedOnToolsVersion = 6.4;
						DevelopmentTeam = WLJ7KTQ9JU;
						SystemCapabilities = {
							com.apple.ApplicationGroups.iOS = {
								enabled = 1;
							};
						};
					};
					5F7452731B55AE6A0045CBF8 = {
						CreatedOnToolsVersion = 6.4;
						TestTargetID = 5F74525E1B55AE6A0045CBF8;
					};
					5F7452871B55AE800045CBF8 = {
						CreatedOnToolsVersion = 6.4;
						DevelopmentTeam = WLJ7KTQ9JU;
						SystemCapabilities = {
							com.apple.ApplicationGroups.iOS = {
								enabled = 1;
							};
						};
					};
				};
			};
			buildConfigurationList = 5F74525A1B55AE6A0045CBF8 /* Build configuration list for PBXProject "ContainingAppForBard-3" */;
			compatibilityVersion = "Xcode 3.2";
			developmentRegion = English;
			hasScannedForEncodings = 0;
			knownRegions = (
				en,
				Base,
			);
			mainGroup = 5F7452561B55AE6A0045CBF8;
			productRefGroup = 5F7452601B55AE6A0045CBF8 /* Products */;
			projectDirPath = "";
			projectRoot = "";
			targets = (
				5F74525E1B55AE6A0045CBF8 /* ContainingAppForBard-3 */,
				5F7452731B55AE6A0045CBF8 /* ContainingAppForBard-3Tests */,
				5F7452871B55AE800045CBF8 /* Bard */,
			);
		};
/* End PBXProject section */

/* Begin PBXResourcesBuildPhase section */
		5F74525D1B55AE6A0045CBF8 /* Resources */ = {
			isa = PBXResourcesBuildPhase;
			buildActionMask = 2147483647;
			files = (
				5F74526A1B55AE6A0045CBF8 /* Main.storyboard in Resources */,
				C47A19001D494BF700032D47 /* Images.xcassets in Resources */,
				5F74526F1B55AE6A0045CBF8 /* LaunchScreen.xib in Resources */,
				5F74526C1B55AE6A0045CBF8 /* Images.xcassets in Resources */,
			);
			runOnlyForDeploymentPostprocessing = 0;
		};
		5F7452721B55AE6A0045CBF8 /* Resources */ = {
			isa = PBXResourcesBuildPhase;
			buildActionMask = 2147483647;
			files = (
			);
			runOnlyForDeploymentPostprocessing = 0;
		};
		5F7452861B55AE800045CBF8 /* Resources */ = {
			isa = PBXResourcesBuildPhase;
			buildActionMask = 2147483647;
			files = (
				C47A18FF1D494BE500032D47 /* Images.xcassets in Resources */,
				5F5CE8BF1B743B7200B7539F /* Images.xcassets in Resources */,
				C45B176D1D4EC49D0024C935 /* View.xib in Resources */,
			);
			runOnlyForDeploymentPostprocessing = 0;
		};
/* End PBXResourcesBuildPhase section */

/* Begin PBXSourcesBuildPhase section */
		5F74525B1B55AE6A0045CBF8 /* Sources */ = {
			isa = PBXSourcesBuildPhase;
			buildActionMask = 2147483647;
			files = (
				5F7452671B55AE6A0045CBF8 /* ViewController.swift in Sources */,
				5F7452651B55AE6A0045CBF8 /* AppDelegate.swift in Sources */,
			);
			runOnlyForDeploymentPostprocessing = 0;
		};
		5F7452701B55AE6A0045CBF8 /* Sources */ = {
			isa = PBXSourcesBuildPhase;
			buildActionMask = 2147483647;
			files = (
				5F74527B1B55AE6A0045CBF8 /* ContainingAppForBard_3Tests.swift in Sources */,
			);
			runOnlyForDeploymentPostprocessing = 0;
		};
		5F7452841B55AE800045CBF8 /* Sources */ = {
			isa = PBXSourcesBuildPhase;
			buildActionMask = 2147483647;
			files = (
				C47E47741D44FFD900A90006 /* TextKeyboardView.swift in Sources */,
				5F74528D1B55AE800045CBF8 /* KeyboardViewController.swift in Sources */,
				C45B176C1D499FCE0024C935 /* Draw2D.swift in Sources */,
			);
			runOnlyForDeploymentPostprocessing = 0;
		};
/* End PBXSourcesBuildPhase section */

/* Begin PBXTargetDependency section */
		5F7452761B55AE6A0045CBF8 /* PBXTargetDependency */ = {
			isa = PBXTargetDependency;
			target = 5F74525E1B55AE6A0045CBF8 /* ContainingAppForBard-3 */;
			targetProxy = 5F7452751B55AE6A0045CBF8 /* PBXContainerItemProxy */;
		};
		5F74528F1B55AE800045CBF8 /* PBXTargetDependency */ = {
			isa = PBXTargetDependency;
			target = 5F7452871B55AE800045CBF8 /* Bard */;
			targetProxy = 5F74528E1B55AE800045CBF8 /* PBXContainerItemProxy */;
		};
/* End PBXTargetDependency section */

/* Begin PBXVariantGroup section */
		5F7452681B55AE6A0045CBF8 /* Main.storyboard */ = {
			isa = PBXVariantGroup;
			children = (
				5F7452691B55AE6A0045CBF8 /* Base */,
			);
			name = Main.storyboard;
			sourceTree = "<group>";
		};
		5F74526D1B55AE6A0045CBF8 /* LaunchScreen.xib */ = {
			isa = PBXVariantGroup;
			children = (
				5F74526E1B55AE6A0045CBF8 /* Base */,
			);
			name = LaunchScreen.xib;
			sourceTree = "<group>";
		};
/* End PBXVariantGroup section */

/* Begin XCBuildConfiguration section */
		5F74527C1B55AE6A0045CBF8 /* Debug */ = {
			isa = XCBuildConfiguration;
			buildSettings = {
				ALWAYS_SEARCH_USER_PATHS = NO;
				CLANG_CXX_LANGUAGE_STANDARD = "gnu++0x";
				CLANG_CXX_LIBRARY = "libc++";
				CLANG_ENABLE_MODULES = YES;
				CLANG_ENABLE_OBJC_ARC = YES;
				CLANG_WARN_BOOL_CONVERSION = YES;
				CLANG_WARN_CONSTANT_CONVERSION = YES;
				CLANG_WARN_DIRECT_OBJC_ISA_USAGE = YES_ERROR;
				CLANG_WARN_EMPTY_BODY = YES;
				CLANG_WARN_ENUM_CONVERSION = YES;
				CLANG_WARN_INT_CONVERSION = YES;
				CLANG_WARN_OBJC_ROOT_CLASS = YES_ERROR;
				CLANG_WARN_UNREACHABLE_CODE = YES;
				CLANG_WARN__DUPLICATE_METHOD_MATCH = YES;
				"CODE_SIGN_IDENTITY[sdk=iphoneos*]" = "iPhone Developer";
				COPY_PHASE_STRIP = NO;
				DEBUG_INFORMATION_FORMAT = "dwarf-with-dsym";
				ENABLE_STRICT_OBJC_MSGSEND = YES;
				ENABLE_TESTABILITY = YES;
				GCC_C_LANGUAGE_STANDARD = gnu99;
				GCC_DYNAMIC_NO_PIC = NO;
				GCC_NO_COMMON_BLOCKS = YES;
				GCC_OPTIMIZATION_LEVEL = 0;
				GCC_PREPROCESSOR_DEFINITIONS = (
					"DEBUG=1",
					"$(inherited)",
				);
				GCC_SYMBOLS_PRIVATE_EXTERN = NO;
				GCC_WARN_64_TO_32_BIT_CONVERSION = YES;
				GCC_WARN_ABOUT_RETURN_TYPE = YES_ERROR;
				GCC_WARN_UNDECLARED_SELECTOR = YES;
				GCC_WARN_UNINITIALIZED_AUTOS = YES_AGGRESSIVE;
				GCC_WARN_UNUSED_FUNCTION = YES;
				GCC_WARN_UNUSED_VARIABLE = YES;
				IPHONEOS_DEPLOYMENT_TARGET = 8.4;
				MTL_ENABLE_DEBUG_INFO = YES;
				ONLY_ACTIVE_ARCH = YES;
				SDKROOT = iphoneos;
				SWIFT_OPTIMIZATION_LEVEL = "-Onone";
			};
			name = Debug;
		};
		5F74527D1B55AE6A0045CBF8 /* Release */ = {
			isa = XCBuildConfiguration;
			buildSettings = {
				ALWAYS_SEARCH_USER_PATHS = NO;
				CLANG_CXX_LANGUAGE_STANDARD = "gnu++0x";
				CLANG_CXX_LIBRARY = "libc++";
				CLANG_ENABLE_MODULES = YES;
				CLANG_ENABLE_OBJC_ARC = YES;
				CLANG_WARN_BOOL_CONVERSION = YES;
				CLANG_WARN_CONSTANT_CONVERSION = YES;
				CLANG_WARN_DIRECT_OBJC_ISA_USAGE = YES_ERROR;
				CLANG_WARN_EMPTY_BODY = YES;
				CLANG_WARN_ENUM_CONVERSION = YES;
				CLANG_WARN_INT_CONVERSION = YES;
				CLANG_WARN_OBJC_ROOT_CLASS = YES_ERROR;
				CLANG_WARN_UNREACHABLE_CODE = YES;
				CLANG_WARN__DUPLICATE_METHOD_MATCH = YES;
				"CODE_SIGN_IDENTITY[sdk=iphoneos*]" = "iPhone Developer";
				COPY_PHASE_STRIP = NO;
				DEBUG_INFORMATION_FORMAT = "dwarf-with-dsym";
				ENABLE_NS_ASSERTIONS = NO;
				ENABLE_STRICT_OBJC_MSGSEND = YES;
				GCC_C_LANGUAGE_STANDARD = gnu99;
				GCC_NO_COMMON_BLOCKS = YES;
				GCC_WARN_64_TO_32_BIT_CONVERSION = YES;
				GCC_WARN_ABOUT_RETURN_TYPE = YES_ERROR;
				GCC_WARN_UNDECLARED_SELECTOR = YES;
				GCC_WARN_UNINITIALIZED_AUTOS = YES_AGGRESSIVE;
				GCC_WARN_UNUSED_FUNCTION = YES;
				GCC_WARN_UNUSED_VARIABLE = YES;
				IPHONEOS_DEPLOYMENT_TARGET = 8.4;
				MTL_ENABLE_DEBUG_INFO = NO;
				SDKROOT = iphoneos;
				VALIDATE_PRODUCT = YES;
			};
			name = Release;
		};
		5F74527F1B55AE6A0045CBF8 /* Debug */ = {
			isa = XCBuildConfiguration;
			buildSettings = {
				ASSETCATALOG_COMPILER_APPICON_NAME = AppIcon;
				CODE_SIGN_ENTITLEMENTS = "ContainingAppForBard-3/ContainingAppForBard-3.entitlements";
				CODE_SIGN_IDENTITY = "iPhone Developer";
				"CODE_SIGN_IDENTITY[sdk=iphoneos*]" = "iPhone Developer";
				INFOPLIST_FILE = "ContainingAppForBard-3/Info.plist";
				LD_RUNPATH_SEARCH_PATHS = "$(inherited) @executable_path/Frameworks";
				OTHER_SWIFT_FLAGS = "-Xfrontend -debug-time-function-bodies";
				PRODUCT_BUNDLE_IDENTIFIER = com.vibink.ContainingAppForBard;
				PRODUCT_NAME = "$(TARGET_NAME)";
				PROVISIONING_PROFILE = "";
			};
			name = Debug;
		};
		5F7452801B55AE6A0045CBF8 /* Release */ = {
			isa = XCBuildConfiguration;
			buildSettings = {
				ASSETCATALOG_COMPILER_APPICON_NAME = AppIcon;
				CODE_SIGN_ENTITLEMENTS = "ContainingAppForBard-3/ContainingAppForBard-3.entitlements";
				CODE_SIGN_IDENTITY = "iPhone Developer";
				"CODE_SIGN_IDENTITY[sdk=iphoneos*]" = "iPhone Developer";
				INFOPLIST_FILE = "ContainingAppForBard-3/Info.plist";
				LD_RUNPATH_SEARCH_PATHS = "$(inherited) @executable_path/Frameworks";
				OTHER_SWIFT_FLAGS = "-Xfrontend -debug-time-function-bodies";
				PRODUCT_BUNDLE_IDENTIFIER = com.vibink.ContainingAppForBard;
				PRODUCT_NAME = "$(TARGET_NAME)";
				PROVISIONING_PROFILE = "";
			};
			name = Release;
		};
		5F7452821B55AE6A0045CBF8 /* Debug */ = {
			isa = XCBuildConfiguration;
			buildSettings = {
				BUNDLE_LOADER = "$(TEST_HOST)";
				FRAMEWORK_SEARCH_PATHS = (
					"$(SDKROOT)/Developer/Library/Frameworks",
					"$(inherited)",
				);
				GCC_PREPROCESSOR_DEFINITIONS = (
					"DEBUG=1",
					"$(inherited)",
				);
				INFOPLIST_FILE = "ContainingAppForBard-3Tests/Info.plist";
				LD_RUNPATH_SEARCH_PATHS = "$(inherited) @executable_path/Frameworks @loader_path/Frameworks";
				PRODUCT_BUNDLE_IDENTIFIER = "com.vibink.$(PRODUCT_NAME:rfc1034identifier)";
				PRODUCT_NAME = "$(TARGET_NAME)";
				TEST_HOST = "$(BUILT_PRODUCTS_DIR)/ContainingAppForBard-3.app/ContainingAppForBard-3";
			};
			name = Debug;
		};
		5F7452831B55AE6A0045CBF8 /* Release */ = {
			isa = XCBuildConfiguration;
			buildSettings = {
				BUNDLE_LOADER = "$(TEST_HOST)";
				FRAMEWORK_SEARCH_PATHS = (
					"$(SDKROOT)/Developer/Library/Frameworks",
					"$(inherited)",
				);
				INFOPLIST_FILE = "ContainingAppForBard-3Tests/Info.plist";
				LD_RUNPATH_SEARCH_PATHS = "$(inherited) @executable_path/Frameworks @loader_path/Frameworks";
				PRODUCT_BUNDLE_IDENTIFIER = "com.vibink.$(PRODUCT_NAME:rfc1034identifier)";
				PRODUCT_NAME = "$(TARGET_NAME)";
				TEST_HOST = "$(BUILT_PRODUCTS_DIR)/ContainingAppForBard-3.app/ContainingAppForBard-3";
			};
			name = Release;
		};
		5F7452921B55AE800045CBF8 /* Debug */ = {
			isa = XCBuildConfiguration;
			buildSettings = {
				CODE_SIGN_ENTITLEMENTS = Bard/Bard.entitlements;
				CODE_SIGN_IDENTITY = "iPhone Developer";
				"CODE_SIGN_IDENTITY[sdk=iphoneos*]" = "iPhone Developer";
				GCC_PREPROCESSOR_DEFINITIONS = (
					"DEBUG=1",
					"$(inherited)",
				);
				INFOPLIST_FILE = Bard/Info.plist;
				LD_RUNPATH_SEARCH_PATHS = "$(inherited) @executable_path/Frameworks @executable_path/../../Frameworks";
				PRODUCT_BUNDLE_IDENTIFIER = com.vibink.ContainingAppForBard.Bard;
				PRODUCT_NAME = "$(TARGET_NAME)";
				PROVISIONING_PROFILE = "";
				SKIP_INSTALL = YES;
				SWIFT_OPTIMIZATION_LEVEL = "-Owholemodule";
			};
			name = Debug;
		};
		5F7452931B55AE800045CBF8 /* Release */ = {
			isa = XCBuildConfiguration;
			buildSettings = {
				CODE_SIGN_ENTITLEMENTS = Bard/Bard.entitlements;
				CODE_SIGN_IDENTITY = "iPhone Developer";
				"CODE_SIGN_IDENTITY[sdk=iphoneos*]" = "iPhone Developer";
				INFOPLIST_FILE = Bard/Info.plist;
				LD_RUNPATH_SEARCH_PATHS = "$(inherited) @executable_path/Frameworks @executable_path/../../Frameworks";
				PRODUCT_BUNDLE_IDENTIFIER = com.vibink.ContainingAppForBard.Bard;
				PRODUCT_NAME = "$(TARGET_NAME)";
				PROVISIONING_PROFILE = "";
				SKIP_INSTALL = YES;
				SWIFT_OPTIMIZATION_LEVEL = "-Owholemodule";
			};
			name = Release;
		};
/* End XCBuildConfiguration section */

/* Begin XCConfigurationList section */
		5F74525A1B55AE6A0045CBF8 /* Build configuration list for PBXProject "ContainingAppForBard-3" */ = {
			isa = XCConfigurationList;
			buildConfigurations = (
				5F74527C1B55AE6A0045CBF8 /* Debug */,
				5F74527D1B55AE6A0045CBF8 /* Release */,
			);
			defaultConfigurationIsVisible = 0;
			defaultConfigurationName = Release;
		};
		5F74527E1B55AE6A0045CBF8 /* Build configuration list for PBXNativeTarget "ContainingAppForBard-3" */ = {
			isa = XCConfigurationList;
			buildConfigurations = (
				5F74527F1B55AE6A0045CBF8 /* Debug */,
				5F7452801B55AE6A0045CBF8 /* Release */,
			);
			defaultConfigurationIsVisible = 0;
			defaultConfigurationName = Release;
		};
		5F7452811B55AE6A0045CBF8 /* Build configuration list for PBXNativeTarget "ContainingAppForBard-3Tests" */ = {
			isa = XCConfigurationList;
			buildConfigurations = (
				5F7452821B55AE6A0045CBF8 /* Debug */,
				5F7452831B55AE6A0045CBF8 /* Release */,
			);
			defaultConfigurationIsVisible = 0;
			defaultConfigurationName = Release;
		};
		5F7452911B55AE800045CBF8 /* Build configuration list for PBXNativeTarget "Bard" */ = {
			isa = XCConfigurationList;
			buildConfigurations = (
				5F7452921B55AE800045CBF8 /* Debug */,
				5F7452931B55AE800045CBF8 /* Release */,
			);
			defaultConfigurationIsVisible = 0;
			defaultConfigurationName = Release;
		};
/* End XCConfigurationList section */
	};
	rootObject = 5F7452571B55AE6A0045CBF8 /* Project object */;
}
